
Microsoft Visual Studio Solution File, Format Version 12.00
# Visual Studio 14
VisualStudioVersion = 14.0.25420.1
MinimumVisualStudioVersion = 10.0.40219.1
Project("{FAE04EC0-301F-11D3-BF4B-00C04F79EFBC}") = "7.MultiplicationTable", "7.MultiplicationTable.csproj", "{532D2747-41C6-4946-B564-1A79CF227984}"
EndProject
Global
	GlobalSection(SolutionConfigurationPlatforms) = preSolution
		Debug|Any CPU = Debug|Any CPU
		Release|Any CPU = Release|Any CPU
	EndGlobalSection
	GlobalSection(ProjectConfigurationPlatforms) = postSolution
		{532D2747-41C6-4946-B564-1A79CF227984}.Debug|Any CPU.ActiveCfg = Debug|Any CPU
		{532D2747-41C6-4946-B564-1A79CF227984}.Debug|Any CPU.Build.0 = Debug|Any CPU
		{532D2747-41C6-4946-B564-1A79CF227984}.Release|Any CPU.ActiveCfg = Release|Any CPU
		{532D2747-41C6-4946-B564-1A79CF227984}.Release|Any CPU.Build.0 = Release|Any CPU
	EndGlobalSection
	GlobalSection(SolutionProperties) = preSolution
		HideSolutionNode = FALSE
	EndGlobalSection
EndGlobal
